
Microsoft Visual Studio Solution File, Format Version 12.00
# Visual Studio Version 16
VisualStudioVersion = 16.0.31911.196
MinimumVisualStudioVersion = 10.0.40219.1
Project("{9A19103F-16F7-4668-BE54-9A1E7A4F7556}") = "Hebron", "src\Hebron\Hebron.csproj", "{1EA9E421-1FF5-441D-A7AA-46DA43C29216}"
EndProject
Project("{FAE04EC0-301F-11D3-BF4B-00C04F79EFBC}") = "HebronTest", "tests\HebronTest\HebronTest.csproj", "{C99B182E-F286-4948-9842-1788CD11375F}"
EndProject
Global
	GlobalSection(SolutionConfigurationPlatforms) = preSolution
		Debug|Any CPU = Debug|Any CPU
		Release|Any CPU = Release|Any CPU
	EndGlobalSection
	GlobalSection(ProjectConfigurationPlatforms) = postSolution
		{1EA9E421-1FF5-441D-A7AA-46DA43C29216}.Debug|Any CPU.ActiveCfg = Debug|Any CPU
		{1EA9E421-1FF5-441D-A7AA-46DA43C29216}.Debug|Any CPU.Build.0 = Debug|Any CPU
		{1EA9E421-1FF5-441D-A7AA-46DA43C29216}.Release|Any CPU.ActiveCfg = Release|Any CPU
		{1EA9E421-1FF5-441D-A7AA-46DA43C29216}.Release|Any CPU.Build.0 = Release|Any CPU
		{C99B182E-F286-4948-9842-1788CD11375F}.Debug|Any CPU.ActiveCfg = Debug|Any CPU
		{C99B182E-F286-4948-9842-1788CD11375F}.Debug|Any CPU.Build.0 = Debug|Any CPU
		{C99B182E-F286-4948-9842-1788CD11375F}.Release|Any CPU.ActiveCfg = Release|Any CPU
		{C99B182E-F286-4948-9842-1788CD11375F}.Release|Any CPU.Build.0 = Release|Any CPU
	EndGlobalSection
	GlobalSection(SolutionProperties) = preSolution
		HideSolutionNode = FALSE
	EndGlobalSection
	GlobalSection(ExtensibilityGlobals) = postSolution
		SolutionGuid = {D03A3157-D3F0-4F76-B13B-C75D5DC7BEA8}
	EndGlobalSection
EndGlobal
